PODS:
  - UIMultiPicker (0.4.0)

DEPENDENCIES:
  - UIMultiPicker (from `https://github.com/aselivanov/UIMultiPicker.git`, branch `master`)

EXTERNAL SOURCES:
  UIMultiPicker:
    :branch: master
    :git: https://github.com/aselivanov/UIMultiPicker.git

CHECKOUT OPTIONS:
  UIMultiPicker:
    :commit: d69113565d11ab9a8a54f7ab62bdfae24fd655f5
    :git: https://github.com/aselivanov/UIMultiPicker.git

SPEC CHECKSUMS:
  UIMultiPicker: d73c047abffb2a2f67c652c72e8ada11c4f33d32

PODFILE CHECKSUM: 1cb91b2b9f41e6e19198678af502b3f4022a19c3

COCOAPODS: 1.5.3
