PODS:
  - UIMultiPicker (0.4.1)

DEPENDENCIES:
  - UIMultiPicker (from `https://github.com/aselivanov/UIMultiPicker.git`, branch `master`)

EXTERNAL SOURCES:
  UIMultiPicker:
    :branch: master
    :git: https://github.com/aselivanov/UIMultiPicker.git

CHECKOUT OPTIONS:
  UIMultiPicker:
    :commit: aa32dd4e328a7736107ea3e347811d135bddbe02
    :git: https://github.com/aselivanov/UIMultiPicker.git

SPEC CHECKSUMS:
  UIMultiPicker: 8800223c5145665e0b02a73d0597a4bf83d67b2a

PODFILE CHECKSUM: 1cb91b2b9f41e6e19198678af502b3f4022a19c3

COCOAPODS: 1.5.3
